
Microsoft Visual Studio Solution File, Format Version 12.00
# Visual Studio 15
Project("{FAE04EC0-301F-11D3-BF4B-00C04F79EFBC}") = "Assembly-CSharp", "Assembly-CSharp.csproj", "{3DE34C97-8492-D308-2E67-0C15481730DF}"
EndProject
Project("{FAE04EC0-301F-11D3-BF4B-00C04F79EFBC}") = "StylizedGrass.Runtime", "StylizedGrass.Runtime.csproj", "{C3C27D85-39C3-641A-E224-F4C80E4078FD}"
EndProject
Project("{FAE04EC0-301F-11D3-BF4B-00C04F79EFBC}") = "Assembly-CSharp-Editor", "Assembly-CSharp-Editor.csproj", "{B940D30F-4598-19FA-D3E5-5A162E410C55}"
EndProject
Project("{FAE04EC0-301F-11D3-BF4B-00C04F79EFBC}") = "StylizedGrass_Editor", "StylizedGrass_Editor.csproj", "{1230EB1D-D843-9B27-44BD-4B3B3F4058C1}"
EndProject
Global
	GlobalSection(SolutionConfigurationPlatforms) = preSolution
		Debug|Any CPU = Debug|Any CPU
		Release|Any CPU = Release|Any CPU
	EndGlobalSection
	GlobalSection(ProjectConfigurationPlatforms) = postSolution
		{3DE34C97-8492-D308-2E67-0C15481730DF}.Debug|Any CPU.ActiveCfg = Debug|Any CPU
		{3DE34C97-8492-D308-2E67-0C15481730DF}.Debug|Any CPU.Build.0 = Debug|Any CPU
		{3DE34C97-8492-D308-2E67-0C15481730DF}.Release|Any CPU.ActiveCfg = Release|Any CPU
		{3DE34C97-8492-D308-2E67-0C15481730DF}.Release|Any CPU.Build.0 = Release|Any CPU
		{C3C27D85-39C3-641A-E224-F4C80E4078FD}.Debug|Any CPU.ActiveCfg = Debug|Any CPU
		{C3C27D85-39C3-641A-E224-F4C80E4078FD}.Debug|Any CPU.Build.0 = Debug|Any CPU
		{C3C27D85-39C3-641A-E224-F4C80E4078FD}.Release|Any CPU.ActiveCfg = Release|Any CPU
		{C3C27D85-39C3-641A-E224-F4C80E4078FD}.Release|Any CPU.Build.0 = Release|Any CPU
		{B940D30F-4598-19FA-D3E5-5A162E410C55}.Debug|Any CPU.ActiveCfg = Debug|Any CPU
		{B940D30F-4598-19FA-D3E5-5A162E410C55}.Debug|Any CPU.Build.0 = Debug|Any CPU
		{B940D30F-4598-19FA-D3E5-5A162E410C55}.Release|Any CPU.ActiveCfg = Release|Any CPU
		{B940D30F-4598-19FA-D3E5-5A162E410C55}.Release|Any CPU.Build.0 = Release|Any CPU
		{1230EB1D-D843-9B27-44BD-4B3B3F4058C1}.Debug|Any CPU.ActiveCfg = Debug|Any CPU
		{1230EB1D-D843-9B27-44BD-4B3B3F4058C1}.Debug|Any CPU.Build.0 = Debug|Any CPU
		{1230EB1D-D843-9B27-44BD-4B3B3F4058C1}.Release|Any CPU.ActiveCfg = Release|Any CPU
		{1230EB1D-D843-9B27-44BD-4B3B3F4058C1}.Release|Any CPU.Build.0 = Release|Any CPU
	EndGlobalSection
	GlobalSection(SolutionProperties) = preSolution
		HideSolutionNode = FALSE
	EndGlobalSection
EndGlobal
